
Microsoft Visual Studio Solution File, Format Version 12.00
# Visual Studio Version 16
VisualStudioVersion = 16.0.29721.120
MinimumVisualStudioVersion = 10.0.40219.1
Project("{FAE04EC0-301F-11D3-BF4B-00C04F79EFBC}") = "PrismWizard.WPFClient", "PrismWizard\PrismWizard.WPFClient.csproj", "{FC340596-0919-49DE-8553-ABF58059198A}"
EndProject
Project("{9A19103F-16F7-4668-BE54-9A1E7A4F7556}") = "PrismWizard.Application", "PrismWizard.Application\PrismWizard.Application.csproj", "{B683AF86-DF2D-42FA-90C2-50485BE04F65}"
EndProject
Project("{FAE04EC0-301F-11D3-BF4B-00C04F79EFBC}") = "PrismWizard.Core", "PrismWizard.Core\PrismWizard.Core\PrismWizard.Core.csproj", "{DC171EED-D4B8-4DEA-8706-CBEDD6BA43C8}"
EndProject
Global
	GlobalSection(SolutionConfigurationPlatforms) = preSolution
		Debug|Any CPU = Debug|Any CPU
		Release|Any CPU = Release|Any CPU
	EndGlobalSection
	GlobalSection(ProjectConfigurationPlatforms) = postSolution
		{FC340596-0919-49DE-8553-ABF58059198A}.Debug|Any CPU.ActiveCfg = Debug|Any CPU
		{FC340596-0919-49DE-8553-ABF58059198A}.Debug|Any CPU.Build.0 = Debug|Any CPU
		{FC340596-0919-49DE-8553-ABF58059198A}.Release|Any CPU.ActiveCfg = Release|Any CPU
		{FC340596-0919-49DE-8553-ABF58059198A}.Release|Any CPU.Build.0 = Release|Any CPU
		{B683AF86-DF2D-42FA-90C2-50485BE04F65}.Debug|Any CPU.ActiveCfg = Debug|Any CPU
		{B683AF86-DF2D-42FA-90C2-50485BE04F65}.Debug|Any CPU.Build.0 = Debug|Any CPU
		{B683AF86-DF2D-42FA-90C2-50485BE04F65}.Release|Any CPU.ActiveCfg = Release|Any CPU
		{B683AF86-DF2D-42FA-90C2-50485BE04F65}.Release|Any CPU.Build.0 = Release|Any CPU
		{DC171EED-D4B8-4DEA-8706-CBEDD6BA43C8}.Debug|Any CPU.ActiveCfg = Debug|Any CPU
		{DC171EED-D4B8-4DEA-8706-CBEDD6BA43C8}.Debug|Any CPU.Build.0 = Debug|Any CPU
		{DC171EED-D4B8-4DEA-8706-CBEDD6BA43C8}.Release|Any CPU.ActiveCfg = Release|Any CPU
		{DC171EED-D4B8-4DEA-8706-CBEDD6BA43C8}.Release|Any CPU.Build.0 = Release|Any CPU
	EndGlobalSection
	GlobalSection(SolutionProperties) = preSolution
		HideSolutionNode = FALSE
	EndGlobalSection
	GlobalSection(ExtensibilityGlobals) = postSolution
		SolutionGuid = {BFD9580A-812C-49F5-AAD0-94B9E9CFD3AB}
	EndGlobalSection
EndGlobal
